
Microsoft Visual Studio Solution File, Format Version 12.00
# Visual Studio Version 16
VisualStudioVersion = 16.0.30523.141
MinimumVisualStudioVersion = 10.0.40219.1
Project("{FAE04EC0-301F-11D3-BF4B-00C04F79EFBC}") = "HelloWorldDotNetCore", "HelloWorldDotNetCore.csproj", "{E412CB00-5BF0-4F2D-9F89-DB447730F238}"
EndProject
Project("{FAE04EC0-301F-11D3-BF4B-00C04F79EFBC}") = "HelloWorldDotNetCoreTest", "..\HelloWorldDotNetCoreTest\HelloWorldDotNetCoreTest.csproj", "{822876E8-B55B-418B-B0A6-A2F93F89165D}"
EndProject
Global
	GlobalSection(SolutionConfigurationPlatforms) = preSolution
		Debug|Any CPU = Debug|Any CPU
		Release|Any CPU = Release|Any CPU
	EndGlobalSection
	GlobalSection(ProjectConfigurationPlatforms) = postSolution
		{E412CB00-5BF0-4F2D-9F89-DB447730F238}.Debug|Any CPU.ActiveCfg = Debug|Any CPU
		{E412CB00-5BF0-4F2D-9F89-DB447730F238}.Debug|Any CPU.Build.0 = Debug|Any CPU
		{E412CB00-5BF0-4F2D-9F89-DB447730F238}.Release|Any CPU.ActiveCfg = Release|Any CPU
		{E412CB00-5BF0-4F2D-9F89-DB447730F238}.Release|Any CPU.Build.0 = Release|Any CPU
		{822876E8-B55B-418B-B0A6-A2F93F89165D}.Debug|Any CPU.ActiveCfg = Debug|Any CPU
		{822876E8-B55B-418B-B0A6-A2F93F89165D}.Debug|Any CPU.Build.0 = Debug|Any CPU
		{822876E8-B55B-418B-B0A6-A2F93F89165D}.Release|Any CPU.ActiveCfg = Release|Any CPU
		{822876E8-B55B-418B-B0A6-A2F93F89165D}.Release|Any CPU.Build.0 = Release|Any CPU
	EndGlobalSection
	GlobalSection(SolutionProperties) = preSolution
		HideSolutionNode = FALSE
	EndGlobalSection
	GlobalSection(ExtensibilityGlobals) = postSolution
		SolutionGuid = {25F38369-E37D-487D-94BF-D3C0F2FD189A}
	EndGlobalSection
EndGlobal
